
Microsoft Visual Studio Solution File, Format Version 12.00
# Visual Studio 15
VisualStudioVersion = 15.0.28307.757
MinimumVisualStudioVersion = 10.0.40219.1
Project("{8BC9CEB8-8B4A-11D0-8D11-00A0C91BC942}") = "2-DArray", "2-DArray\2-DArray.vcxproj", "{D49E8D8B-A188-4772-9771-81F62AC396BA}"
EndProject
Global
	GlobalSection(SolutionConfigurationPlatforms) = preSolution
		Debug|x64 = Debug|x64
		Debug|x86 = Debug|x86
		Release|x64 = Release|x64
		Release|x86 = Release|x86
	EndGlobalSection
	GlobalSection(ProjectConfigurationPlatforms) = postSolution
		{D49E8D8B-A188-4772-9771-81F62AC396BA}.Debug|x64.ActiveCfg = Debug|x64
		{D49E8D8B-A188-4772-9771-81F62AC396BA}.Debug|x64.Build.0 = Debug|x64
		{D49E8D8B-A188-4772-9771-81F62AC396BA}.Debug|x86.ActiveCfg = Debug|Win32
		{D49E8D8B-A188-4772-9771-81F62AC396BA}.Debug|x86.Build.0 = Debug|Win32
		{D49E8D8B-A188-4772-9771-81F62AC396BA}.Release|x64.ActiveCfg = Release|x64
		{D49E8D8B-A188-4772-9771-81F62AC396BA}.Release|x64.Build.0 = Release|x64
		{D49E8D8B-A188-4772-9771-81F62AC396BA}.Release|x86.ActiveCfg = Release|Win32
		{D49E8D8B-A188-4772-9771-81F62AC396BA}.Release|x86.Build.0 = Release|Win32
	EndGlobalSection
	GlobalSection(SolutionProperties) = preSolution
		HideSolutionNode = FALSE
	EndGlobalSection
	GlobalSection(ExtensibilityGlobals) = postSolution
		SolutionGuid = {9A34B50C-E81F-4843-8A51-A3D94FF7A6B5}
	EndGlobalSection
EndGlobal
